
Microsoft Visual Studio Solution File, Format Version 12.00
# Visual Studio Version 17
VisualStudioVersion = 17.0.31912.275
MinimumVisualStudioVersion = 10.0.40219.1
Project("{FAE04EC0-301F-11D3-BF4B-00C04F79EFBC}") = "pr4.Android", "pr4\pr4.Android\pr4.Android.csproj", "{D60EB4DE-1259-4703-B512-2F4897536D2F}"
EndProject
Project("{FAE04EC0-301F-11D3-BF4B-00C04F79EFBC}") = "pr4", "pr4\pr4\pr4.csproj", "{DA99AD00-BF27-4FBF-87C7-81963E331AC7}"
EndProject
Global
	GlobalSection(SolutionConfigurationPlatforms) = preSolution
		Debug|Any CPU = Debug|Any CPU
		Release|Any CPU = Release|Any CPU
	EndGlobalSection
	GlobalSection(ProjectConfigurationPlatforms) = postSolution
		{D60EB4DE-1259-4703-B512-2F4897536D2F}.Debug|Any CPU.ActiveCfg = Debug|Any CPU
		{D60EB4DE-1259-4703-B512-2F4897536D2F}.Debug|Any CPU.Build.0 = Debug|Any CPU
		{D60EB4DE-1259-4703-B512-2F4897536D2F}.Debug|Any CPU.Deploy.0 = Debug|Any CPU
		{D60EB4DE-1259-4703-B512-2F4897536D2F}.Release|Any CPU.ActiveCfg = Release|Any CPU
		{D60EB4DE-1259-4703-B512-2F4897536D2F}.Release|Any CPU.Build.0 = Release|Any CPU
		{D60EB4DE-1259-4703-B512-2F4897536D2F}.Release|Any CPU.Deploy.0 = Release|Any CPU
		{DA99AD00-BF27-4FBF-87C7-81963E331AC7}.Debug|Any CPU.ActiveCfg = Debug|Any CPU
		{DA99AD00-BF27-4FBF-87C7-81963E331AC7}.Debug|Any CPU.Build.0 = Debug|Any CPU
		{DA99AD00-BF27-4FBF-87C7-81963E331AC7}.Debug|Any CPU.Deploy.0 = Debug|Any CPU
		{DA99AD00-BF27-4FBF-87C7-81963E331AC7}.Release|Any CPU.ActiveCfg = Release|Any CPU
		{DA99AD00-BF27-4FBF-87C7-81963E331AC7}.Release|Any CPU.Build.0 = Release|Any CPU
		{DA99AD00-BF27-4FBF-87C7-81963E331AC7}.Release|Any CPU.Deploy.0 = Release|Any CPU
	EndGlobalSection
	GlobalSection(SolutionProperties) = preSolution
		HideSolutionNode = FALSE
	EndGlobalSection
	GlobalSection(ExtensibilityGlobals) = postSolution
		SolutionGuid = {989981A3-8DEC-4656-A626-1D0384DAD6AE}
	EndGlobalSection
EndGlobal
